
Microsoft Visual Studio Solution File, Format Version 12.00
# Visual Studio Version 17
VisualStudioVersion = 17.0.31903.59
MinimumVisualStudioVersion = 10.0.40219.1
Project("{FAE04EC0-301F-11D3-BF4B-00C04F79EFBC}") = "PhanVanLocModels", "PhanVanLocModels\PhanVanLocModels.csproj", "{F2B4A4E5-83F4-4B98-A8E9-DC670318E454}"
EndProject
Project("{FAE04EC0-301F-11D3-BF4B-00C04F79EFBC}") = "PhanVanLocDAL", "PhanVanLocDAL\PhanVanLocDAL.csproj", "{E65EDDA1-906F-4D88-A5E3-6B5324DAD63B}"
EndProject
Project("{FAE04EC0-301F-11D3-BF4B-00C04F79EFBC}") = "PhanVanLocBLL", "PhanVanLocBLL\PhanVanLocBLL.csproj", "{FAEBD703-CFD0-4AAC-A9B8-366C633A1547}"
EndProject
Project("{FAE04EC0-301F-11D3-BF4B-00C04F79EFBC}") = "PhanVanLocWPF", "PhanVanLocWPF\PhanVanLocWPF.csproj", "{89F6424C-5841-49F0-A1F0-AD70384D2158}"
EndProject
Global
	GlobalSection(SolutionConfigurationPlatforms) = preSolution
		Debug|Any CPU = Debug|Any CPU
		Debug|x64 = Debug|x64
		Debug|x86 = Debug|x86
		Release|Any CPU = Release|Any CPU
		Release|x64 = Release|x64
		Release|x86 = Release|x86
	EndGlobalSection
	GlobalSection(ProjectConfigurationPlatforms) = postSolution
		{F2B4A4E5-83F4-4B98-A8E9-DC670318E454}.Debug|Any CPU.ActiveCfg = Debug|Any CPU
		{F2B4A4E5-83F4-4B98-A8E9-DC670318E454}.Debug|Any CPU.Build.0 = Debug|Any CPU
		{F2B4A4E5-83F4-4B98-A8E9-DC670318E454}.Debug|x64.ActiveCfg = Debug|Any CPU
		{F2B4A4E5-83F4-4B98-A8E9-DC670318E454}.Debug|x64.Build.0 = Debug|Any CPU
		{F2B4A4E5-83F4-4B98-A8E9-DC670318E454}.Debug|x86.ActiveCfg = Debug|Any CPU
		{F2B4A4E5-83F4-4B98-A8E9-DC670318E454}.Debug|x86.Build.0 = Debug|Any CPU
		{F2B4A4E5-83F4-4B98-A8E9-DC670318E454}.Release|Any CPU.ActiveCfg = Release|Any CPU
		{F2B4A4E5-83F4-4B98-A8E9-DC670318E454}.Release|Any CPU.Build.0 = Release|Any CPU
		{F2B4A4E5-83F4-4B98-A8E9-DC670318E454}.Release|x64.ActiveCfg = Release|Any CPU
		{F2B4A4E5-83F4-4B98-A8E9-DC670318E454}.Release|x64.Build.0 = Release|Any CPU
		{F2B4A4E5-83F4-4B98-A8E9-DC670318E454}.Release|x86.ActiveCfg = Release|Any CPU
		{F2B4A4E5-83F4-4B98-A8E9-DC670318E454}.Release|x86.Build.0 = Release|Any CPU
		{E65EDDA1-906F-4D88-A5E3-6B5324DAD63B}.Debug|Any CPU.ActiveCfg = Debug|Any CPU
		{E65EDDA1-906F-4D88-A5E3-6B5324DAD63B}.Debug|Any CPU.Build.0 = Debug|Any CPU
		{E65EDDA1-906F-4D88-A5E3-6B5324DAD63B}.Debug|x64.ActiveCfg = Debug|Any CPU
		{E65EDDA1-906F-4D88-A5E3-6B5324DAD63B}.Debug|x64.Build.0 = Debug|Any CPU
		{E65EDDA1-906F-4D88-A5E3-6B5324DAD63B}.Debug|x86.ActiveCfg = Debug|Any CPU
		{E65EDDA1-906F-4D88-A5E3-6B5324DAD63B}.Debug|x86.Build.0 = Debug|Any CPU
		{E65EDDA1-906F-4D88-A5E3-6B5324DAD63B}.Release|Any CPU.ActiveCfg = Release|Any CPU
		{E65EDDA1-906F-4D88-A5E3-6B5324DAD63B}.Release|Any CPU.Build.0 = Release|Any CPU
		{E65EDDA1-906F-4D88-A5E3-6B5324DAD63B}.Release|x64.ActiveCfg = Release|Any CPU
		{E65EDDA1-906F-4D88-A5E3-6B5324DAD63B}.Release|x64.Build.0 = Release|Any CPU
		{E65EDDA1-906F-4D88-A5E3-6B5324DAD63B}.Release|x86.ActiveCfg = Release|Any CPU
		{E65EDDA1-906F-4D88-A5E3-6B5324DAD63B}.Release|x86.Build.0 = Release|Any CPU
		{FAEBD703-CFD0-4AAC-A9B8-366C633A1547}.Debug|Any CPU.ActiveCfg = Debug|Any CPU
		{FAEBD703-CFD0-4AAC-A9B8-366C633A1547}.Debug|Any CPU.Build.0 = Debug|Any CPU
		{FAEBD703-CFD0-4AAC-A9B8-366C633A1547}.Debug|x64.ActiveCfg = Debug|Any CPU
		{FAEBD703-CFD0-4AAC-A9B8-366C633A1547}.Debug|x64.Build.0 = Debug|Any CPU
		{FAEBD703-CFD0-4AAC-A9B8-366C633A1547}.Debug|x86.ActiveCfg = Debug|Any CPU
		{FAEBD703-CFD0-4AAC-A9B8-366C633A1547}.Debug|x86.Build.0 = Debug|Any CPU
		{FAEBD703-CFD0-4AAC-A9B8-366C633A1547}.Release|Any CPU.ActiveCfg = Release|Any CPU
		{FAEBD703-CFD0-4AAC-A9B8-366C633A1547}.Release|Any CPU.Build.0 = Release|Any CPU
		{FAEBD703-CFD0-4AAC-A9B8-366C633A1547}.Release|x64.ActiveCfg = Release|Any CPU
		{FAEBD703-CFD0-4AAC-A9B8-366C633A1547}.Release|x64.Build.0 = Release|Any CPU
		{FAEBD703-CFD0-4AAC-A9B8-366C633A1547}.Release|x86.ActiveCfg = Release|Any CPU
		{FAEBD703-CFD0-4AAC-A9B8-366C633A1547}.Release|x86.Build.0 = Release|Any CPU
		{89F6424C-5841-49F0-A1F0-AD70384D2158}.Debug|Any CPU.ActiveCfg = Debug|Any CPU
		{89F6424C-5841-49F0-A1F0-AD70384D2158}.Debug|Any CPU.Build.0 = Debug|Any CPU
		{89F6424C-5841-49F0-A1F0-AD70384D2158}.Debug|x64.ActiveCfg = Debug|Any CPU
		{89F6424C-5841-49F0-A1F0-AD70384D2158}.Debug|x64.Build.0 = Debug|Any CPU
		{89F6424C-5841-49F0-A1F0-AD70384D2158}.Debug|x86.ActiveCfg = Debug|Any CPU
		{89F6424C-5841-49F0-A1F0-AD70384D2158}.Debug|x86.Build.0 = Debug|Any CPU
		{89F6424C-5841-49F0-A1F0-AD70384D2158}.Release|Any CPU.ActiveCfg = Release|Any CPU
		{89F6424C-5841-49F0-A1F0-AD70384D2158}.Release|Any CPU.Build.0 = Release|Any CPU
		{89F6424C-5841-49F0-A1F0-AD70384D2158}.Release|x64.ActiveCfg = Release|Any CPU
		{89F6424C-5841-49F0-A1F0-AD70384D2158}.Release|x64.Build.0 = Release|Any CPU
		{89F6424C-5841-49F0-A1F0-AD70384D2158}.Release|x86.ActiveCfg = Release|Any CPU
		{89F6424C-5841-49F0-A1F0-AD70384D2158}.Release|x86.Build.0 = Release|Any CPU
	EndGlobalSection
	GlobalSection(SolutionProperties) = preSolution
		HideSolutionNode = FALSE
	EndGlobalSection
EndGlobal

